// !$*UTF8*$!
{
	archiveVersion = 1;
	classes = {
	};
	objectVersion = 56;
	objects = {

/* Begin PBXBuildFile section */
		0C2F662D2AFDA19C00713992 /* MainDashboard.swift in Sources */ = {isa = PBXBuildFile; fileRef = 0C2F662C2AFDA19C00713992 /* MainDashboard.swift */; };
		0C2F662F2AFDAF2000713992 /* RecolectorCard.swift in Sources */ = {isa = PBXBuildFile; fileRef = 0C2F662E2AFDAF2000713992 /* RecolectorCard.swift */; };
		FB79C8202AF9D1FF004E5EA0 /* CaritasReliefAdminApp.swift in Sources */ = {isa = PBXBuildFile; fileRef = FB79C81F2AF9D1FF004E5EA0 /* CaritasReliefAdminApp.swift */; };
		FB79C8222AF9D1FF004E5EA0 /* ContentView.swift in Sources */ = {isa = PBXBuildFile; fileRef = FB79C8212AF9D1FF004E5EA0 /* ContentView.swift */; };
		FB79C8242AF9D200004E5EA0 /* Assets.xcassets in Resources */ = {isa = PBXBuildFile; fileRef = FB79C8232AF9D200004E5EA0 /* Assets.xcassets */; };
		FB79C8272AF9D200004E5EA0 /* Preview Assets.xcassets in Resources */ = {isa = PBXBuildFile; fileRef = FB79C8262AF9D200004E5EA0 /* Preview Assets.xcassets */; };
		FB79C82F2AF9D62F004E5EA0 /* ModelData.swift in Sources */ = {isa = PBXBuildFile; fileRef = FB79C82E2AF9D62F004E5EA0 /* ModelData.swift */; };
		FB79C8332AF9D72B004E5EA0 /* LoginWindow.swift in Sources */ = {isa = PBXBuildFile; fileRef = FB79C8322AF9D72B004E5EA0 /* LoginWindow.swift */; };
		FB79C8352AF9D7A8004E5EA0 /* CaritasSplashScreen.swift in Sources */ = {isa = PBXBuildFile; fileRef = FB79C8342AF9D7A8004E5EA0 /* CaritasSplashScreen.swift */; };
		FB79C8392AF9D9DB004E5EA0 /* DonacionesView.swift in Sources */ = {isa = PBXBuildFile; fileRef = FB79C8382AF9D9DB004E5EA0 /* DonacionesView.swift */; };
		FB79C83B2AF9DA09004E5EA0 /* DonacionView.swift in Sources */ = {isa = PBXBuildFile; fileRef = FB79C83A2AF9DA09004E5EA0 /* DonacionView.swift */; };
		FB79C83D2AF9DA3E004E5EA0 /* DetalleView.swift in Sources */ = {isa = PBXBuildFile; fileRef = FB79C83C2AF9DA3E004E5EA0 /* DetalleView.swift */; };
		FB79C83F2AF9DA77004E5EA0 /* ReciboView.swift in Sources */ = {isa = PBXBuildFile; fileRef = FB79C83E2AF9DA77004E5EA0 /* ReciboView.swift */; };
		FB79C8412AF9DAAA004E5EA0 /* HeaderView.swift in Sources */ = {isa = PBXBuildFile; fileRef = FB79C8402AF9DAAA004E5EA0 /* HeaderView.swift */; };
		FB79C8432AF9DB1E004E5EA0 /* ComentariosView.swift in Sources */ = {isa = PBXBuildFile; fileRef = FB79C8422AF9DB1E004E5EA0 /* ComentariosView.swift */; };
/* End PBXBuildFile section */

/* Begin PBXFileReference section */
		0C2F662C2AFDA19C00713992 /* MainDashboard.swift */ = {isa = PBXFileReference; lastKnownFileType = sourcecode.swift; path = MainDashboard.swift; sourceTree = "<group>"; };
		0C2F662E2AFDAF2000713992 /* RecolectorCard.swift */ = {isa = PBXFileReference; lastKnownFileType = sourcecode.swift; path = RecolectorCard.swift; sourceTree = "<group>"; };
		FB79C81C2AF9D1FF004E5EA0 /* CaritasReliefAdmin.app */ = {isa = PBXFileReference; explicitFileType = wrapper.application; includeInIndex = 0; path = CaritasReliefAdmin.app; sourceTree = BUILT_PRODUCTS_DIR; };
		FB79C81F2AF9D1FF004E5EA0 /* CaritasReliefAdminApp.swift */ = {isa = PBXFileReference; lastKnownFileType = sourcecode.swift; path = CaritasReliefAdminApp.swift; sourceTree = "<group>"; };
		FB79C8212AF9D1FF004E5EA0 /* ContentView.swift */ = {isa = PBXFileReference; lastKnownFileType = sourcecode.swift; path = ContentView.swift; sourceTree = "<group>"; };
		FB79C8232AF9D200004E5EA0 /* Assets.xcassets */ = {isa = PBXFileReference; lastKnownFileType = folder.assetcatalog; path = Assets.xcassets; sourceTree = "<group>"; };
		FB79C8262AF9D200004E5EA0 /* Preview Assets.xcassets */ = {isa = PBXFileReference; lastKnownFileType = folder.assetcatalog; path = "Preview Assets.xcassets"; sourceTree = "<group>"; };
		FB79C82E2AF9D62F004E5EA0 /* ModelData.swift */ = {isa = PBXFileReference; lastKnownFileType = sourcecode.swift; path = ModelData.swift; sourceTree = "<group>"; };
		FB79C8322AF9D72B004E5EA0 /* LoginWindow.swift */ = {isa = PBXFileReference; lastKnownFileType = sourcecode.swift; path = LoginWindow.swift; sourceTree = "<group>"; };
		FB79C8342AF9D7A8004E5EA0 /* CaritasSplashScreen.swift */ = {isa = PBXFileReference; lastKnownFileType = sourcecode.swift; path = CaritasSplashScreen.swift; sourceTree = "<group>"; };
		FB79C8382AF9D9DB004E5EA0 /* DonacionesView.swift */ = {isa = PBXFileReference; lastKnownFileType = sourcecode.swift; path = DonacionesView.swift; sourceTree = "<group>"; };
		FB79C83A2AF9DA09004E5EA0 /* DonacionView.swift */ = {isa = PBXFileReference; lastKnownFileType = sourcecode.swift; path = DonacionView.swift; sourceTree = "<group>"; };
		FB79C83C2AF9DA3E004E5EA0 /* DetalleView.swift */ = {isa = PBXFileReference; lastKnownFileType = sourcecode.swift; path = DetalleView.swift; sourceTree = "<group>"; };
		FB79C83E2AF9DA77004E5EA0 /* ReciboView.swift */ = {isa = PBXFileReference; lastKnownFileType = sourcecode.swift; path = ReciboView.swift; sourceTree = "<group>"; };
		FB79C8402AF9DAAA004E5EA0 /* HeaderView.swift */ = {isa = PBXFileReference; lastKnownFileType = sourcecode.swift; path = HeaderView.swift; sourceTree = "<group>"; };
		FB79C8422AF9DB1E004E5EA0 /* ComentariosView.swift */ = {isa = PBXFileReference; lastKnownFileType = sourcecode.swift; path = ComentariosView.swift; sourceTree = "<group>"; };
/* End PBXFileReference section */

/* Begin PBXFrameworksBuildPhase section */
		FB79C8192AF9D1FF004E5EA0 /* Frameworks */ = {
			isa = PBXFrameworksBuildPhase;
			buildActionMask = 2147483647;
			files = (
			);
			runOnlyForDeploymentPostprocessing = 0;
		};
/* End PBXFrameworksBuildPhase section */

/* Begin PBXGroup section */
		FB79C8132AF9D1FF004E5EA0 = {
			isa = PBXGroup;
			children = (
				FB79C81E2AF9D1FF004E5EA0 /* CaritasReliefAdmin */,
				FB79C81D2AF9D1FF004E5EA0 /* Products */,
			);
			sourceTree = "<group>";
		};
		FB79C81D2AF9D1FF004E5EA0 /* Products */ = {
			isa = PBXGroup;
			children = (
				FB79C81C2AF9D1FF004E5EA0 /* CaritasReliefAdmin.app */,
			);
			name = Products;
			sourceTree = "<group>";
		};
		FB79C81E2AF9D1FF004E5EA0 /* CaritasReliefAdmin */ = {
			isa = PBXGroup;
			children = (
				FB79C8372AF9D975004E5EA0 /* ListaViews */,
				FB79C8362AF9D94E004E5EA0 /* DetalleViews */,
				FB79C82D2AF9D5CD004E5EA0 /* Backend and vars */,
				FB79C81F2AF9D1FF004E5EA0 /* CaritasReliefAdminApp.swift */,
				FB79C8212AF9D1FF004E5EA0 /* ContentView.swift */,
				FB79C8322AF9D72B004E5EA0 /* LoginWindow.swift */,
				FB79C8342AF9D7A8004E5EA0 /* CaritasSplashScreen.swift */,
				FB79C8402AF9DAAA004E5EA0 /* HeaderView.swift */,
				FB79C8232AF9D200004E5EA0 /* Assets.xcassets */,
				FB79C8252AF9D200004E5EA0 /* Preview Content */,
				FB79C8422AF9DB1E004E5EA0 /* ComentariosView.swift */,
			);
			path = CaritasReliefAdmin;
			sourceTree = "<group>";
		};
		FB79C8252AF9D200004E5EA0 /* Preview Content */ = {
			isa = PBXGroup;
			children = (
				FB79C8262AF9D200004E5EA0 /* Preview Assets.xcassets */,
			);
			path = "Preview Content";
			sourceTree = "<group>";
		};
		FB79C82D2AF9D5CD004E5EA0 /* Backend and vars */ = {
			isa = PBXGroup;
			children = (
				FB79C82E2AF9D62F004E5EA0 /* ModelData.swift */,
			);
			path = "Backend and vars";
			sourceTree = "<group>";
		};
		FB79C8362AF9D94E004E5EA0 /* DetalleViews */ = {
			isa = PBXGroup;
			children = (
				FB79C83C2AF9DA3E004E5EA0 /* DetalleView.swift */,
				FB79C83E2AF9DA77004E5EA0 /* ReciboView.swift */,
			);
			path = DetalleViews;
			sourceTree = "<group>";
		};
		FB79C8372AF9D975004E5EA0 /* ListaViews */ = {
			isa = PBXGroup;
			children = (
				FB79C8382AF9D9DB004E5EA0 /* DonacionesView.swift */,
				FB79C83A2AF9DA09004E5EA0 /* DonacionView.swift */,
				0C2F662C2AFDA19C00713992 /* MainDashboard.swift */,
				0C2F662E2AFDAF2000713992 /* RecolectorCard.swift */,
			);
			path = ListaViews;
			sourceTree = "<group>";
		};
/* End PBXGroup section */

/* Begin PBXNativeTarget section */
		FB79C81B2AF9D1FF004E5EA0 /* CaritasReliefAdmin */ = {
			isa = PBXNativeTarget;
			buildConfigurationList = FB79C82A2AF9D200004E5EA0 /* Build configuration list for PBXNativeTarget "CaritasReliefAdmin" */;
			buildPhases = (
				FB79C8182AF9D1FF004E5EA0 /* Sources */,
				FB79C8192AF9D1FF004E5EA0 /* Frameworks */,
				FB79C81A2AF9D1FF004E5EA0 /* Resources */,
			);
			buildRules = (
			);
			dependencies = (
			);
			name = CaritasReliefAdmin;
			productName = CaritasReliefAdmin;
			productReference = FB79C81C2AF9D1FF004E5EA0 /* CaritasReliefAdmin.app */;
			productType = "com.apple.product-type.application";
		};
/* End PBXNativeTarget section */

/* Begin PBXProject section */
		FB79C8142AF9D1FF004E5EA0 /* Project object */ = {
			isa = PBXProject;
			attributes = {
				BuildIndependentTargetsInParallel = 1;
				LastSwiftUpdateCheck = 1430;
				LastUpgradeCheck = 1430;
				TargetAttributes = {
					FB79C81B2AF9D1FF004E5EA0 = {
						CreatedOnToolsVersion = 14.3.1;
					};
				};
			};
			buildConfigurationList = FB79C8172AF9D1FF004E5EA0 /* Build configuration list for PBXProject "CaritasReliefAdmin" */;
			compatibilityVersion = "Xcode 14.0";
			developmentRegion = en;
			hasScannedForEncodings = 0;
			knownRegions = (
				en,
				Base,
			);
			mainGroup = FB79C8132AF9D1FF004E5EA0;
			productRefGroup = FB79C81D2AF9D1FF004E5EA0 /* Products */;
			projectDirPath = "";
			projectRoot = "";
			targets = (
				FB79C81B2AF9D1FF004E5EA0 /* CaritasReliefAdmin */,
			);
		};
/* End PBXProject section */

/* Begin PBXResourcesBuildPhase section */
		FB79C81A2AF9D1FF004E5EA0 /* Resources */ = {
			isa = PBXResourcesBuildPhase;
			buildActionMask = 2147483647;
			files = (
				FB79C8272AF9D200004E5EA0 /* Preview Assets.xcassets in Resources */,
				FB79C8242AF9D200004E5EA0 /* Assets.xcassets in Resources */,
			);
			runOnlyForDeploymentPostprocessing = 0;
		};
/* End PBXResourcesBuildPhase section */

/* Begin PBXSourcesBuildPhase section */
		FB79C8182AF9D1FF004E5EA0 /* Sources */ = {
			isa = PBXSourcesBuildPhase;
			buildActionMask = 2147483647;
			files = (
				FB79C8332AF9D72B004E5EA0 /* LoginWindow.swift in Sources */,
				0C2F662D2AFDA19C00713992 /* MainDashboard.swift in Sources */,
				FB79C8222AF9D1FF004E5EA0 /* ContentView.swift in Sources */,
				FB79C8352AF9D7A8004E5EA0 /* CaritasSplashScreen.swift in Sources */,
				FB79C83B2AF9DA09004E5EA0 /* DonacionView.swift in Sources */,
				FB79C8392AF9D9DB004E5EA0 /* DonacionesView.swift in Sources */,
				FB79C83D2AF9DA3E004E5EA0 /* DetalleView.swift in Sources */,
				FB79C83F2AF9DA77004E5EA0 /* ReciboView.swift in Sources */,
				FB79C8412AF9DAAA004E5EA0 /* HeaderView.swift in Sources */,
				FB79C8202AF9D1FF004E5EA0 /* CaritasReliefAdminApp.swift in Sources */,
				FB79C82F2AF9D62F004E5EA0 /* ModelData.swift in Sources */,
				0C2F662F2AFDAF2000713992 /* RecolectorCard.swift in Sources */,
				FB79C8432AF9DB1E004E5EA0 /* ComentariosView.swift in Sources */,
			);
			runOnlyForDeploymentPostprocessing = 0;
		};
/* End PBXSourcesBuildPhase section */

/* Begin XCBuildConfiguration section */
		FB79C8282AF9D200004E5EA0 /* Debug */ = {
			isa = XCBuildConfiguration;
			buildSettings = {
				ALWAYS_SEARCH_USER_PATHS = NO;
				CLANG_ANALYZER_NONNULL = YES;
				CLANG_ANALYZER_NUMBER_OBJECT_CONVERSION = YES_AGGRESSIVE;
				CLANG_CXX_LANGUAGE_STANDARD = "gnu++20";
				CLANG_ENABLE_MODULES = YES;
				CLANG_ENABLE_OBJC_ARC = YES;
				CLANG_ENABLE_OBJC_WEAK = YES;
				CLANG_WARN_BLOCK_CAPTURE_AUTORELEASING = YES;
				CLANG_WARN_BOOL_CONVERSION = YES;
				CLANG_WARN_COMMA = YES;
				CLANG_WARN_CONSTANT_CONVERSION = YES;
				CLANG_WARN_DEPRECATED_OBJC_IMPLEMENTATIONS = YES;
				CLANG_WARN_DIRECT_OBJC_ISA_USAGE = YES_ERROR;
				CLANG_WARN_DOCUMENTATION_COMMENTS = YES;
				CLANG_WARN_EMPTY_BODY = YES;
				CLANG_WARN_ENUM_CONVERSION = YES;
				CLANG_WARN_INFINITE_RECURSION = YES;
				CLANG_WARN_INT_CONVERSION = YES;
				CLANG_WARN_NON_LITERAL_NULL_CONVERSION = YES;
				CLANG_WARN_OBJC_IMPLICIT_RETAIN_SELF = YES;
				CLANG_WARN_OBJC_LITERAL_CONVERSION = YES;
				CLANG_WARN_OBJC_ROOT_CLASS = YES_ERROR;
				CLANG_WARN_QUOTED_INCLUDE_IN_FRAMEWORK_HEADER = YES;
				CLANG_WARN_RANGE_LOOP_ANALYSIS = YES;
				CLANG_WARN_STRICT_PROTOTYPES = YES;
				CLANG_WARN_SUSPICIOUS_MOVE = YES;
				CLANG_WARN_UNGUARDED_AVAILABILITY = YES_AGGRESSIVE;
				CLANG_WARN_UNREACHABLE_CODE = YES;
				CLANG_WARN__DUPLICATE_METHOD_MATCH = YES;
				COPY_PHASE_STRIP = NO;
				DEBUG_INFORMATION_FORMAT = dwarf;
				ENABLE_STRICT_OBJC_MSGSEND = YES;
				ENABLE_TESTABILITY = YES;
				GCC_C_LANGUAGE_STANDARD = gnu11;
				GCC_DYNAMIC_NO_PIC = NO;
				GCC_NO_COMMON_BLOCKS = YES;
				GCC_OPTIMIZATION_LEVEL = 0;
				GCC_PREPROCESSOR_DEFINITIONS = (
					"DEBUG=1",
					"$(inherited)",
				);
				GCC_WARN_64_TO_32_BIT_CONVERSION = YES;
				GCC_WARN_ABOUT_RETURN_TYPE = YES_ERROR;
				GCC_WARN_UNDECLARED_SELECTOR = YES;
				GCC_WARN_UNINITIALIZED_AUTOS = YES_AGGRESSIVE;
				GCC_WARN_UNUSED_FUNCTION = YES;
				GCC_WARN_UNUSED_VARIABLE = YES;
				IPHONEOS_DEPLOYMENT_TARGET = 16.4;
				MTL_ENABLE_DEBUG_INFO = INCLUDE_SOURCE;
				MTL_FAST_MATH = YES;
				ONLY_ACTIVE_ARCH = YES;
				SDKROOT = iphoneos;
				SWIFT_ACTIVE_COMPILATION_CONDITIONS = DEBUG;
				SWIFT_OPTIMIZATION_LEVEL = "-Onone";
			};
			name = Debug;
		};
		FB79C8292AF9D200004E5EA0 /* Release */ = {
			isa = XCBuildConfiguration;
			buildSettings = {
				ALWAYS_SEARCH_USER_PATHS = NO;
				CLANG_ANALYZER_NONNULL = YES;
				CLANG_ANALYZER_NUMBER_OBJECT_CONVERSION = YES_AGGRESSIVE;
				CLANG_CXX_LANGUAGE_STANDARD = "gnu++20";
				CLANG_ENABLE_MODULES = YES;
				CLANG_ENABLE_OBJC_ARC = YES;
				CLANG_ENABLE_OBJC_WEAK = YES;
				CLANG_WARN_BLOCK_CAPTURE_AUTORELEASING = YES;
				CLANG_WARN_BOOL_CONVERSION = YES;
				CLANG_WARN_COMMA = YES;
				CLANG_WARN_CONSTANT_CONVERSION = YES;
				CLANG_WARN_DEPRECATED_OBJC_IMPLEMENTATIONS = YES;
				CLANG_WARN_DIRECT_OBJC_ISA_USAGE = YES_ERROR;
				CLANG_WARN_DOCUMENTATION_COMMENTS = YES;
				CLANG_WARN_EMPTY_BODY = YES;
				CLANG_WARN_ENUM_CONVERSION = YES;
				CLANG_WARN_INFINITE_RECURSION = YES;
				CLANG_WARN_INT_CONVERSION = YES;
				CLANG_WARN_NON_LITERAL_NULL_CONVERSION = YES;
				CLANG_WARN_OBJC_IMPLICIT_RETAIN_SELF = YES;
				CLANG_WARN_OBJC_LITERAL_CONVERSION = YES;
				CLANG_WARN_OBJC_ROOT_CLASS = YES_ERROR;
				CLANG_WARN_QUOTED_INCLUDE_IN_FRAMEWORK_HEADER = YES;
				CLANG_WARN_RANGE_LOOP_ANALYSIS = YES;
				CLANG_WARN_STRICT_PROTOTYPES = YES;
				CLANG_WARN_SUSPICIOUS_MOVE = YES;
				CLANG_WARN_UNGUARDED_AVAILABILITY = YES_AGGRESSIVE;
				CLANG_WARN_UNREACHABLE_CODE = YES;
				CLANG_WARN__DUPLICATE_METHOD_MATCH = YES;
				COPY_PHASE_STRIP = NO;
				DEBUG_INFORMATION_FORMAT = "dwarf-with-dsym";
				ENABLE_NS_ASSERTIONS = NO;
				ENABLE_STRICT_OBJC_MSGSEND = YES;
				GCC_C_LANGUAGE_STANDARD = gnu11;
				GCC_NO_COMMON_BLOCKS = YES;
				GCC_WARN_64_TO_32_BIT_CONVERSION = YES;
				GCC_WARN_ABOUT_RETURN_TYPE = YES_ERROR;
				GCC_WARN_UNDECLARED_SELECTOR = YES;
				GCC_WARN_UNINITIALIZED_AUTOS = YES_AGGRESSIVE;
				GCC_WARN_UNUSED_FUNCTION = YES;
				GCC_WARN_UNUSED_VARIABLE = YES;
				IPHONEOS_DEPLOYMENT_TARGET = 16.4;
				MTL_ENABLE_DEBUG_INFO = NO;
				MTL_FAST_MATH = YES;
				SDKROOT = iphoneos;
				SWIFT_COMPILATION_MODE = wholemodule;
				SWIFT_OPTIMIZATION_LEVEL = "-O";
				VALIDATE_PRODUCT = YES;
			};
			name = Release;
		};
		FB79C82B2AF9D200004E5EA0 /* Debug */ = {
			isa = XCBuildConfiguration;
			buildSettings = {
				ASSETCATALOG_COMPILER_APPICON_NAME = AppIcon;
				ASSETCATALOG_COMPILER_GLOBAL_ACCENT_COLOR_NAME = AccentColor;
				CODE_SIGN_STYLE = Automatic;
				CURRENT_PROJECT_VERSION = 1;
				DEVELOPMENT_ASSET_PATHS = "\"CaritasReliefAdmin/Preview Content\"";
				ENABLE_PREVIEWS = YES;
				GENERATE_INFOPLIST_FILE = YES;
				INFOPLIST_KEY_UIApplicationSceneManifest_Generation = YES;
				INFOPLIST_KEY_UIApplicationSupportsIndirectInputEvents = YES;
				INFOPLIST_KEY_UILaunchScreen_Generation = YES;
				INFOPLIST_KEY_UISupportedInterfaceOrientations_iPad = "UIInterfaceOrientationPortrait UIInterfaceOrientationPortraitUpsideDown UIInterfaceOrientationLandscapeLeft UIInterfaceOrientationLandscapeRight";
				INFOPLIST_KEY_UISupportedInterfaceOrientations_iPhone = "UIInterfaceOrientationPortrait UIInterfaceOrientationLandscapeLeft UIInterfaceOrientationLandscapeRight";
				LD_RUNPATH_SEARCH_PATHS = (
					"$(inherited)",
					"@executable_path/Frameworks",
				);
				MARKETING_VERSION = 1.0;
				PRODUCT_BUNDLE_IDENTIFIER = tec.mx.CaritasReliefAdmin;
				PRODUCT_NAME = "$(TARGET_NAME)";
				SWIFT_EMIT_LOC_STRINGS = YES;
				SWIFT_VERSION = 5.0;
				TARGETED_DEVICE_FAMILY = "1,2";
			};
			name = Debug;
		};
		FB79C82C2AF9D200004E5EA0 /* Release */ = {
			isa = XCBuildConfiguration;
			buildSettings = {
				ASSETCATALOG_COMPILER_APPICON_NAME = AppIcon;
				ASSETCATALOG_COMPILER_GLOBAL_ACCENT_COLOR_NAME = AccentColor;
				CODE_SIGN_STYLE = Automatic;
				CURRENT_PROJECT_VERSION = 1;
				DEVELOPMENT_ASSET_PATHS = "\"CaritasReliefAdmin/Preview Content\"";
				ENABLE_PREVIEWS = YES;
				GENERATE_INFOPLIST_FILE = YES;
				INFOPLIST_KEY_UIApplicationSceneManifest_Generation = YES;
				INFOPLIST_KEY_UIApplicationSupportsIndirectInputEvents = YES;
				INFOPLIST_KEY_UILaunchScreen_Generation = YES;
				INFOPLIST_KEY_UISupportedInterfaceOrientations_iPad = "UIInterfaceOrientationPortrait UIInterfaceOrientationPortraitUpsideDown UIInterfaceOrientationLandscapeLeft UIInterfaceOrientationLandscapeRight";
				INFOPLIST_KEY_UISupportedInterfaceOrientations_iPhone = "UIInterfaceOrientationPortrait UIInterfaceOrientationLandscapeLeft UIInterfaceOrientationLandscapeRight";
				LD_RUNPATH_SEARCH_PATHS = (
					"$(inherited)",
					"@executable_path/Frameworks",
				);
				MARKETING_VERSION = 1.0;
				PRODUCT_BUNDLE_IDENTIFIER = tec.mx.CaritasReliefAdmin;
				PRODUCT_NAME = "$(TARGET_NAME)";
				SWIFT_EMIT_LOC_STRINGS = YES;
				SWIFT_VERSION = 5.0;
				TARGETED_DEVICE_FAMILY = "1,2";
			};
			name = Release;
		};
/* End XCBuildConfiguration section */

/* Begin XCConfigurationList section */
		FB79C8172AF9D1FF004E5EA0 /* Build configuration list for PBXProject "CaritasReliefAdmin" */ = {
			isa = XCConfigurationList;
			buildConfigurations = (
				FB79C8282AF9D200004E5EA0 /* Debug */,
				FB79C8292AF9D200004E5EA0 /* Release */,
			);
			defaultConfigurationIsVisible = 0;
			defaultConfigurationName = Release;
		};
		FB79C82A2AF9D200004E5EA0 /* Build configuration list for PBXNativeTarget "CaritasReliefAdmin" */ = {
			isa = XCConfigurationList;
			buildConfigurations = (
				FB79C82B2AF9D200004E5EA0 /* Debug */,
				FB79C82C2AF9D200004E5EA0 /* Release */,
			);
			defaultConfigurationIsVisible = 0;
			defaultConfigurationName = Release;
		};
/* End XCConfigurationList section */
	};
	rootObject = FB79C8142AF9D1FF004E5EA0 /* Project object */;
}
